
Microsoft Visual Studio Solution File, Format Version 12.00
# Visual Studio Version 17
VisualStudioVersion = 17.0.31903.59
MinimumVisualStudioVersion = 10.0.40219.1
Project("{FAE04EC0-301F-11D3-BF4B-00C04F79EFBC}") = "SOLID_Fundamentals", "SOLID_Fundamentals\SOLID_Fundamentals.csproj", "{EB6EBB11-3AD6-4489-86AE-7F6472F03F45}"
EndProject
Project("{FAE04EC0-301F-11D3-BF4B-00C04F79EFBC}") = "SolidApp", "SolidApp\SolidApp.csproj", "{303EA4E7-94F0-49BD-A324-390C590A3904}"
EndProject
Global
	GlobalSection(SolutionConfigurationPlatforms) = preSolution
		Debug|Any CPU = Debug|Any CPU
		Debug|x64 = Debug|x64
		Debug|x86 = Debug|x86
		Release|Any CPU = Release|Any CPU
		Release|x64 = Release|x64
		Release|x86 = Release|x86
	EndGlobalSection
	GlobalSection(ProjectConfigurationPlatforms) = postSolution
		{EB6EBB11-3AD6-4489-86AE-7F6472F03F45}.Debug|Any CPU.ActiveCfg = Debug|Any CPU
		{EB6EBB11-3AD6-4489-86AE-7F6472F03F45}.Debug|Any CPU.Build.0 = Debug|Any CPU
		{EB6EBB11-3AD6-4489-86AE-7F6472F03F45}.Debug|x64.ActiveCfg = Debug|Any CPU
		{EB6EBB11-3AD6-4489-86AE-7F6472F03F45}.Debug|x64.Build.0 = Debug|Any CPU
		{EB6EBB11-3AD6-4489-86AE-7F6472F03F45}.Debug|x86.ActiveCfg = Debug|Any CPU
		{EB6EBB11-3AD6-4489-86AE-7F6472F03F45}.Debug|x86.Build.0 = Debug|Any CPU
		{EB6EBB11-3AD6-4489-86AE-7F6472F03F45}.Release|Any CPU.ActiveCfg = Release|Any CPU
		{EB6EBB11-3AD6-4489-86AE-7F6472F03F45}.Release|Any CPU.Build.0 = Release|Any CPU
		{EB6EBB11-3AD6-4489-86AE-7F6472F03F45}.Release|x64.ActiveCfg = Release|Any CPU
		{EB6EBB11-3AD6-4489-86AE-7F6472F03F45}.Release|x64.Build.0 = Release|Any CPU
		{EB6EBB11-3AD6-4489-86AE-7F6472F03F45}.Release|x86.ActiveCfg = Release|Any CPU
		{EB6EBB11-3AD6-4489-86AE-7F6472F03F45}.Release|x86.Build.0 = Release|Any CPU
		{303EA4E7-94F0-49BD-A324-390C590A3904}.Debug|Any CPU.ActiveCfg = Debug|Any CPU
		{303EA4E7-94F0-49BD-A324-390C590A3904}.Debug|Any CPU.Build.0 = Debug|Any CPU
		{303EA4E7-94F0-49BD-A324-390C590A3904}.Debug|x64.ActiveCfg = Debug|Any CPU
		{303EA4E7-94F0-49BD-A324-390C590A3904}.Debug|x64.Build.0 = Debug|Any CPU
		{303EA4E7-94F0-49BD-A324-390C590A3904}.Debug|x86.ActiveCfg = Debug|Any CPU
		{303EA4E7-94F0-49BD-A324-390C590A3904}.Debug|x86.Build.0 = Debug|Any CPU
		{303EA4E7-94F0-49BD-A324-390C590A3904}.Release|Any CPU.ActiveCfg = Release|Any CPU
		{303EA4E7-94F0-49BD-A324-390C590A3904}.Release|Any CPU.Build.0 = Release|Any CPU
		{303EA4E7-94F0-49BD-A324-390C590A3904}.Release|x64.ActiveCfg = Release|Any CPU
		{303EA4E7-94F0-49BD-A324-390C590A3904}.Release|x64.Build.0 = Release|Any CPU
		{303EA4E7-94F0-49BD-A324-390C590A3904}.Release|x86.ActiveCfg = Release|Any CPU
		{303EA4E7-94F0-49BD-A324-390C590A3904}.Release|x86.Build.0 = Release|Any CPU
	EndGlobalSection
	GlobalSection(SolutionProperties) = preSolution
		HideSolutionNode = FALSE
	EndGlobalSection
EndGlobal
